
Microsoft Visual Studio Solution File, Format Version 12.00
# Visual Studio Version 17
VisualStudioVersion = 17.7.34202.233
MinimumVisualStudioVersion = 10.0.40219.1
Project("{FAE04EC0-301F-11D3-BF4B-00C04F79EFBC}") = "ClassLibrary", "ClassLibrary\ClassLibrary.csproj", "{74C06CA1-87B7-4B2B-B6CF-61252097F401}"
EndProject
Project("{FAE04EC0-301F-11D3-BF4B-00C04F79EFBC}") = "ShowCase", "ShowCase\ShowCase.csproj", "{11E451AD-B494-464C-B5BF-E0590656282C}"
EndProject
Project("{2150E333-8FDC-42A3-9474-1A3956D46DE8}") = "Models", "Models", "{B85352B6-72A2-40AF-ABB9-601612010A75}"
	ProjectSection(SolutionItems) = preProject
		Movie.cs = Movie.cs
	EndProjectSection
EndProject
Global
	GlobalSection(SolutionConfigurationPlatforms) = preSolution
		Debug|Any CPU = Debug|Any CPU
		Release|Any CPU = Release|Any CPU
	EndGlobalSection
	GlobalSection(ProjectConfigurationPlatforms) = postSolution
		{74C06CA1-87B7-4B2B-B6CF-61252097F401}.Debug|Any CPU.ActiveCfg = Debug|Any CPU
		{74C06CA1-87B7-4B2B-B6CF-61252097F401}.Debug|Any CPU.Build.0 = Debug|Any CPU
		{74C06CA1-87B7-4B2B-B6CF-61252097F401}.Release|Any CPU.ActiveCfg = Release|Any CPU
		{74C06CA1-87B7-4B2B-B6CF-61252097F401}.Release|Any CPU.Build.0 = Release|Any CPU
		{11E451AD-B494-464C-B5BF-E0590656282C}.Debug|Any CPU.ActiveCfg = Debug|Any CPU
		{11E451AD-B494-464C-B5BF-E0590656282C}.Debug|Any CPU.Build.0 = Debug|Any CPU
		{11E451AD-B494-464C-B5BF-E0590656282C}.Release|Any CPU.ActiveCfg = Release|Any CPU
		{11E451AD-B494-464C-B5BF-E0590656282C}.Release|Any CPU.Build.0 = Release|Any CPU
	EndGlobalSection
	GlobalSection(SolutionProperties) = preSolution
		HideSolutionNode = FALSE
	EndGlobalSection
	GlobalSection(ExtensibilityGlobals) = postSolution
		SolutionGuid = {B0E4CCC9-5974-47DC-9919-E3B4832EDF26}
	EndGlobalSection
EndGlobal
